
Microsoft Visual Studio Solution File, Format Version 12.00
Project("{FAE04EC0-301F-11D3-BF4B-00C04F79EFBC}") = "TextEditor", "TextEditor\TextEditor.csproj", "{04E00241-6899-4C33-BFEE-76FA6AAEE054}"
EndProject
Global
	GlobalSection(SolutionConfigurationPlatforms) = preSolution
		Debug|Any CPU = Debug|Any CPU
		Release|Any CPU = Release|Any CPU
	EndGlobalSection
	GlobalSection(ProjectConfigurationPlatforms) = postSolution
		{04E00241-6899-4C33-BFEE-76FA6AAEE054}.Debug|Any CPU.ActiveCfg = Debug|Any CPU
		{04E00241-6899-4C33-BFEE-76FA6AAEE054}.Debug|Any CPU.Build.0 = Debug|Any CPU
		{04E00241-6899-4C33-BFEE-76FA6AAEE054}.Release|Any CPU.ActiveCfg = Release|Any CPU
		{04E00241-6899-4C33-BFEE-76FA6AAEE054}.Release|Any CPU.Build.0 = Release|Any CPU
	EndGlobalSection
EndGlobal
